<?xml version="1.0" encoding="utf-8"?>
<Project ToolsVersion="4.0" xmlns="http://schemas.microsoft.com/developer/msbuild/2003">
  <ItemGroup>
    <ClCompile Include="..\main.c" />
    <ClCompile Include="..\parser.c" />
    <ClCompile Include="..\tokenizer.c" />
    <ClCompile Include="..\strview.c" />
    <ClCompile Include="..\darray.c" />
    <ClCompile Include="..\hash_table.c" />
  </ItemGroup>
  <ItemGroup>
    <ClInclude Include="..\parser.h" />
    <ClInclude Include="..\tokenizer.h" />
    <ClInclude Include="..\strview.h" />
    <ClInclude Include="..\darray.h" />
    <ClInclude Include="..\hash_table.h" />
  </ItemGroup>
</Project>